
Microsoft Visual Studio Solution File, Format Version 12.00
# Visual Studio Version 17
VisualStudioVersion = 17.14.36414.22 d17.14
MinimumVisualStudioVersion = 10.0.40219.1
Project("{FAE04EC0-301F-11D3-BF4B-00C04F79EFBC}") = "WpfApp1", "WpfApp1\WpfApp1.csproj", "{760062C5-0E58-4EEA-A4AD-5BE403605E09}"
EndProject
Global
	GlobalSection(SolutionConfigurationPlatforms) = preSolution
		Debug|Any CPU = Debug|Any CPU
		Release|Any CPU = Release|Any CPU
	EndGlobalSection
	GlobalSection(ProjectConfigurationPlatforms) = postSolution
		{760062C5-0E58-4EEA-A4AD-5BE403605E09}.Debug|Any CPU.ActiveCfg = Debug|Any CPU
		{760062C5-0E58-4EEA-A4AD-5BE403605E09}.Debug|Any CPU.Build.0 = Debug|Any CPU
		{760062C5-0E58-4EEA-A4AD-5BE403605E09}.Release|Any CPU.ActiveCfg = Release|Any CPU
		{760062C5-0E58-4EEA-A4AD-5BE403605E09}.Release|Any CPU.Build.0 = Release|Any CPU
	EndGlobalSection
	GlobalSection(SolutionProperties) = preSolution
		HideSolutionNode = FALSE
	EndGlobalSection
	GlobalSection(ExtensibilityGlobals) = postSolution
		SolutionGuid = {31D75ED4-ACC4-4515-8DE3-2DF2E3F93FBA}
	EndGlobalSection
EndGlobal
